
Microsoft Visual Studio Solution File, Format Version 12.00
# Visual Studio 14
VisualStudioVersion = 14.0.25123.0
MinimumVisualStudioVersion = 10.0.40219.1
Project("{FAE04EC0-301F-11D3-BF4B-00C04F79EFBC}") = "KnockerWPF", "KnockerWPF\KnockerWPF.csproj", "{CE6C93CA-86DA-4B14-9925-4E6F2DA26DA7}"
EndProject
Project("{FAE04EC0-301F-11D3-BF4B-00C04F79EFBC}") = "KnockerNET", "KnockerLib\KnockerNET.csproj", "{0935EE9B-274A-44BC-8328-BA0972248870}"
EndProject
Global
	GlobalSection(SolutionConfigurationPlatforms) = preSolution
		Debug|Any CPU = Debug|Any CPU
		Release|Any CPU = Release|Any CPU
	EndGlobalSection
	GlobalSection(ProjectConfigurationPlatforms) = postSolution
		{CE6C93CA-86DA-4B14-9925-4E6F2DA26DA7}.Debug|Any CPU.ActiveCfg = Debug|Any CPU
		{CE6C93CA-86DA-4B14-9925-4E6F2DA26DA7}.Debug|Any CPU.Build.0 = Debug|Any CPU
		{CE6C93CA-86DA-4B14-9925-4E6F2DA26DA7}.Release|Any CPU.ActiveCfg = Release|Any CPU
		{CE6C93CA-86DA-4B14-9925-4E6F2DA26DA7}.Release|Any CPU.Build.0 = Release|Any CPU
		{0935EE9B-274A-44BC-8328-BA0972248870}.Debug|Any CPU.ActiveCfg = Debug|Any CPU
		{0935EE9B-274A-44BC-8328-BA0972248870}.Debug|Any CPU.Build.0 = Debug|Any CPU
		{0935EE9B-274A-44BC-8328-BA0972248870}.Release|Any CPU.ActiveCfg = Release|Any CPU
		{0935EE9B-274A-44BC-8328-BA0972248870}.Release|Any CPU.Build.0 = Release|Any CPU
	EndGlobalSection
	GlobalSection(SolutionProperties) = preSolution
		HideSolutionNode = FALSE
	EndGlobalSection
EndGlobal
